{
  "name": "CSA",
  "lockfileVersion": 2,
  "requires": true,
  "packages": {
    "": {
      "dependencies": {
        "@googlemaps/js-api-loader": "^1.16.8",
        "dotenv": "^16.4.5"
      },
      "devDependencies": {
        "@types/google.maps": "^3.58.1"
      }
    },
    "node_modules/@googlemaps/js-api-loader": {
      "version": "1.16.8",
      "resolved": "https://registry.npmjs.org/@googlemaps/js-api-loader/-/js-api-loader-1.16.8.tgz",
      "integrity": "sha512-CROqqwfKotdO6EBjZO/gQGVTbeDps5V7Mt9+8+5Q+jTg5CRMi3Ii/L9PmV3USROrt2uWxtGzJHORmByxyo9pSQ=="
    },
    "node_modules/@types/google.maps": {
      "version": "3.58.1",
      "resolved": "https://registry.npmjs.org/@types/google.maps/-/google.maps-3.58.1.tgz",
      "integrity": "sha512-X9QTSvGJ0nCfMzYOnaVs/k6/4L+7F5uCS+4iUmkLEls6J9S/Phv+m/i3mDeyc49ZBgwab3EFO1HEoBY7k98EGQ==",
      "dev": true
    },
    "node_modules/dotenv": {
      "version": "16.4.5",
      "resolved": "https://registry.npmjs.org/dotenv/-/dotenv-16.4.5.tgz",
      "integrity": "sha512-ZmdL2rui+eB2YwhsWzjInR8LldtZHGDoQ1ugH85ppHKwpUHL7j7rN0Ti9NCnGiQbhaZ11FpR+7ao1dNsmduNUg==",
      "engines": {
        "node": ">=12"
      },
      "funding": {
        "url": "https://dotenvx.com"
      }
    }
  },
  "dependencies": {
    "@googlemaps/js-api-loader": {
      "version": "1.16.8",
      "resolved": "https://registry.npmjs.org/@googlemaps/js-api-loader/-/js-api-loader-1.16.8.tgz",
      "integrity": "sha512-CROqqwfKotdO6EBjZO/gQGVTbeDps5V7Mt9+8+5Q+jTg5CRMi3Ii/L9PmV3USROrt2uWxtGzJHORmByxyo9pSQ=="
    },
    "@types/google.maps": {
      "version": "3.58.1",
      "resolved": "https://registry.npmjs.org/@types/google.maps/-/google.maps-3.58.1.tgz",
      "integrity": "sha512-X9QTSvGJ0nCfMzYOnaVs/k6/4L+7F5uCS+4iUmkLEls6J9S/Phv+m/i3mDeyc49ZBgwab3EFO1HEoBY7k98EGQ==",
      "dev": true
    },
    "dotenv": {
      "version": "16.4.5",
      "resolved": "https://registry.npmjs.org/dotenv/-/dotenv-16.4.5.tgz",
      "integrity": "sha512-ZmdL2rui+eB2YwhsWzjInR8LldtZHGDoQ1ugH85ppHKwpUHL7j7rN0Ti9NCnGiQbhaZ11FpR+7ao1dNsmduNUg=="
    }
  }
}
